PODS:
  - bridge (0.0.1):
    - Flutter
    - GTMBase64
    - SAMKeychain
    - UMCAnalytics
    - UMCCommon
  - Flutter (1.0.0)
  - GTMBase64 (1.0.1)
  - SAMKeychain (1.5.3)
  - UMCAnalytics (6.0.5):
    - UMCCommon
  - UMCCommon (2.1.1)

DEPENDENCIES:
  - bridge (from `.symlinks/plugins/bridge/ios`)
  - Flutter (from `Flutter`)

SPEC REPOS:
  trunk:
    - GTMBase64
    - SAMKeychain
    - UMCAnalytics
    - UMCCommon

EXTERNAL SOURCES:
  bridge:
    :path: ".symlinks/plugins/bridge/ios"
  Flutter:
    :path: Flutter

SPEC CHECKSUMS:
  bridge: b45fc61768aa4984916b35f32bbe372a7cd7e831
  Flutter: 0e3d915762c693b495b44d77113d4970485de6ec
  GTMBase64: f0f91be06a7a20b84c8e4fee30c0430395091d82
  SAMKeychain: 483e1c9f32984d50ca961e26818a534283b4cd5c
  UMCAnalytics: 045be2cd1ec05aa95ad62405a850757f932e2d59
  UMCCommon: 971f324a5a99c9d662ae040a815e7e3d7ef8b2a8

PODFILE CHECKSUM: 3dbe063e9c90a5d7c9e4e76e70a821b9e2c1d271

COCOAPODS: 1.9.0
