PODS:
  - AFNetworking (3.2.1):
    - AFNetworking/NSURLSession (= 3.2.1)
    - AFNetworking/Reachability (= 3.2.1)
    - AFNetworking/Security (= 3.2.1)
    - AFNetworking/Serialization (= 3.2.1)
    - AFNetworking/UIKit (= 3.2.1)
  - AFNetworking/NSURLSession (3.2.1):
    - AFNetworking/Reachability
    - AFNetworking/Security
    - AFNetworking/Serialization
  - AFNetworking/Reachability (3.2.1)
  - AFNetworking/Security (3.2.1)
  - AFNetworking/Serialization (3.2.1)
  - AFNetworking/UIKit (3.2.1):
    - AFNetworking/NSURLSession
  - bridge (0.0.1):
    - AFNetworking
    - Flutter
    - GTMBase64
    - Masonry
    - MJExtension
    - pop
    - SAMKeychain
    - UMCAnalytics
    - UMCCommon
  - Flutter (1.0.0)
  - GTMBase64 (1.0.1)
  - Masonry (1.1.0)
  - MJExtension (3.2.1)
  - pop (1.0.12)
  - SAMKeychain (1.5.3)
  - UMCAnalytics (6.0.5):
    - UMCCommon
  - UMCCommon (2.1.1)

DEPENDENCIES:
  - bridge (from `.symlinks/plugins/bridge/ios`)
  - Flutter (from `Flutter`)

SPEC REPOS:
  trunk:
    - AFNetworking
    - GTMBase64
    - Masonry
    - MJExtension
    - pop
    - SAMKeychain
    - UMCAnalytics
    - UMCCommon

EXTERNAL SOURCES:
  bridge:
    :path: ".symlinks/plugins/bridge/ios"
  Flutter:
    :path: Flutter

SPEC CHECKSUMS:
  AFNetworking: b6f891fdfaed196b46c7a83cf209e09697b94057
  bridge: bee7a00aed4c4046791a0532a53a211222786deb
  Flutter: 0e3d915762c693b495b44d77113d4970485de6ec
  GTMBase64: f0f91be06a7a20b84c8e4fee30c0430395091d82
  Masonry: 678fab65091a9290e40e2832a55e7ab731aad201
  MJExtension: 635f2c663dcb1bf76fa4b715b2570a5710aec545
  pop: d582054913807fd11fd50bfe6a539d91c7e1a55a
  SAMKeychain: 483e1c9f32984d50ca961e26818a534283b4cd5c
  UMCAnalytics: 045be2cd1ec05aa95ad62405a850757f932e2d59
  UMCCommon: 971f324a5a99c9d662ae040a815e7e3d7ef8b2a8

PODFILE CHECKSUM: 3dbe063e9c90a5d7c9e4e76e70a821b9e2c1d271

COCOAPODS: 1.9.1
